
Microsoft Visual Studio Solution File, Format Version 12.00
# Visual Studio Version 16
VisualStudioVersion = 16.0.31515.178
MinimumVisualStudioVersion = 10.0.40219.1
Project("{9A19103F-16F7-4668-BE54-9A1E7A4F7556}") = "Junior", "Junior.csproj", "{2F217907-8F1E-4843-97A3-71CF3ED1329B}"
EndProject
Project("{9A19103F-16F7-4668-BE54-9A1E7A4F7556}") = "SimpleCode", "..\SimpleCode\SimpleCode.csproj", "{494562F7-4FCB-4972-9367-0B2E6D094FB8}"
EndProject
Project("{9A19103F-16F7-4668-BE54-9A1E7A4F7556}") = "HealthBar", "..\HealthBar\HealthBar.csproj", "{17EB3336-5C0C-4208-B4DE-FE429DD87889}"
EndProject
Project("{9A19103F-16F7-4668-BE54-9A1E7A4F7556}") = "PacMan", "..\PacMan\PacMan.csproj", "{F5D2B1A8-C51B-4157-9BA8-302D28009805}"
EndProject
Project("{9A19103F-16F7-4668-BE54-9A1E7A4F7556}") = "OOP", "..\OOP\OOP.csproj", "{1A0662BB-CEE2-4564-A68F-2A8CD8AC9ED3}"
EndProject
Project("{9A19103F-16F7-4668-BE54-9A1E7A4F7556}") = "cafe", "..\cafe\cafe.csproj", "{31E7AE63-224D-4A19-B735-32B0C876E7BB}"
EndProject
Project("{9A19103F-16F7-4668-BE54-9A1E7A4F7556}") = "has-a", "..\has-a\has-a.csproj", "{4D035E65-FA84-471C-B852-8FFED72F1291}"
EndProject
Project("{9A19103F-16F7-4668-BE54-9A1E7A4F7556}") = "Is-a", "..\Is-a\Is-a.csproj", "{55EA1047-BE82-4D45-88EC-8E99B30AB562}"
EndProject
Project("{9A19103F-16F7-4668-BE54-9A1E7A4F7556}") = "fighter", "..\fighter\fighter.csproj", "{B6336A54-2B35-4888-B931-63C83BE0DFF2}"
EndProject
Project("{9A19103F-16F7-4668-BE54-9A1E7A4F7556}") = "virtual_method", "..\virtual_method\virtual_method.csproj", "{AE3950F1-437D-4159-839E-3A900ED3ED9D}"
EndProject
Project("{FAE04EC0-301F-11D3-BF4B-00C04F79EFBC}") = "Interface_", "..\Interface_\Interface_.csproj", "{A5343603-7039-4822-88DB-F713EA86C3B8}"
EndProject
Project("{FAE04EC0-301F-11D3-BF4B-00C04F79EFBC}") = "AbstractClasses", "..\AbstractClasses\AbstractClasses.csproj", "{8947BC42-547A-467B-9EC1-1078E2F317EC}"
EndProject
Global
	GlobalSection(SolutionConfigurationPlatforms) = preSolution
		Debug|Any CPU = Debug|Any CPU
		Release|Any CPU = Release|Any CPU
	EndGlobalSection
	GlobalSection(ProjectConfigurationPlatforms) = postSolution
		{2F217907-8F1E-4843-97A3-71CF3ED1329B}.Debug|Any CPU.ActiveCfg = Debug|Any CPU
		{2F217907-8F1E-4843-97A3-71CF3ED1329B}.Debug|Any CPU.Build.0 = Debug|Any CPU
		{2F217907-8F1E-4843-97A3-71CF3ED1329B}.Release|Any CPU.ActiveCfg = Release|Any CPU
		{2F217907-8F1E-4843-97A3-71CF3ED1329B}.Release|Any CPU.Build.0 = Release|Any CPU
		{494562F7-4FCB-4972-9367-0B2E6D094FB8}.Debug|Any CPU.ActiveCfg = Debug|Any CPU
		{494562F7-4FCB-4972-9367-0B2E6D094FB8}.Debug|Any CPU.Build.0 = Debug|Any CPU
		{494562F7-4FCB-4972-9367-0B2E6D094FB8}.Release|Any CPU.ActiveCfg = Release|Any CPU
		{494562F7-4FCB-4972-9367-0B2E6D094FB8}.Release|Any CPU.Build.0 = Release|Any CPU
		{17EB3336-5C0C-4208-B4DE-FE429DD87889}.Debug|Any CPU.ActiveCfg = Debug|Any CPU
		{17EB3336-5C0C-4208-B4DE-FE429DD87889}.Debug|Any CPU.Build.0 = Debug|Any CPU
		{17EB3336-5C0C-4208-B4DE-FE429DD87889}.Release|Any CPU.ActiveCfg = Release|Any CPU
		{17EB3336-5C0C-4208-B4DE-FE429DD87889}.Release|Any CPU.Build.0 = Release|Any CPU
		{F5D2B1A8-C51B-4157-9BA8-302D28009805}.Debug|Any CPU.ActiveCfg = Debug|Any CPU
		{F5D2B1A8-C51B-4157-9BA8-302D28009805}.Debug|Any CPU.Build.0 = Debug|Any CPU
		{F5D2B1A8-C51B-4157-9BA8-302D28009805}.Release|Any CPU.ActiveCfg = Release|Any CPU
		{F5D2B1A8-C51B-4157-9BA8-302D28009805}.Release|Any CPU.Build.0 = Release|Any CPU
		{1A0662BB-CEE2-4564-A68F-2A8CD8AC9ED3}.Debug|Any CPU.ActiveCfg = Debug|Any CPU
		{1A0662BB-CEE2-4564-A68F-2A8CD8AC9ED3}.Debug|Any CPU.Build.0 = Debug|Any CPU
		{1A0662BB-CEE2-4564-A68F-2A8CD8AC9ED3}.Release|Any CPU.ActiveCfg = Release|Any CPU
		{1A0662BB-CEE2-4564-A68F-2A8CD8AC9ED3}.Release|Any CPU.Build.0 = Release|Any CPU
		{31E7AE63-224D-4A19-B735-32B0C876E7BB}.Debug|Any CPU.ActiveCfg = Debug|Any CPU
		{31E7AE63-224D-4A19-B735-32B0C876E7BB}.Debug|Any CPU.Build.0 = Debug|Any CPU
		{31E7AE63-224D-4A19-B735-32B0C876E7BB}.Release|Any CPU.ActiveCfg = Release|Any CPU
		{31E7AE63-224D-4A19-B735-32B0C876E7BB}.Release|Any CPU.Build.0 = Release|Any CPU
		{4D035E65-FA84-471C-B852-8FFED72F1291}.Debug|Any CPU.ActiveCfg = Debug|Any CPU
		{4D035E65-FA84-471C-B852-8FFED72F1291}.Debug|Any CPU.Build.0 = Debug|Any CPU
		{4D035E65-FA84-471C-B852-8FFED72F1291}.Release|Any CPU.ActiveCfg = Release|Any CPU
		{4D035E65-FA84-471C-B852-8FFED72F1291}.Release|Any CPU.Build.0 = Release|Any CPU
		{55EA1047-BE82-4D45-88EC-8E99B30AB562}.Debug|Any CPU.ActiveCfg = Debug|Any CPU
		{55EA1047-BE82-4D45-88EC-8E99B30AB562}.Debug|Any CPU.Build.0 = Debug|Any CPU
		{55EA1047-BE82-4D45-88EC-8E99B30AB562}.Release|Any CPU.ActiveCfg = Release|Any CPU
		{55EA1047-BE82-4D45-88EC-8E99B30AB562}.Release|Any CPU.Build.0 = Release|Any CPU
		{B6336A54-2B35-4888-B931-63C83BE0DFF2}.Debug|Any CPU.ActiveCfg = Debug|Any CPU
		{B6336A54-2B35-4888-B931-63C83BE0DFF2}.Debug|Any CPU.Build.0 = Debug|Any CPU
		{B6336A54-2B35-4888-B931-63C83BE0DFF2}.Release|Any CPU.ActiveCfg = Release|Any CPU
		{B6336A54-2B35-4888-B931-63C83BE0DFF2}.Release|Any CPU.Build.0 = Release|Any CPU
		{AE3950F1-437D-4159-839E-3A900ED3ED9D}.Debug|Any CPU.ActiveCfg = Debug|Any CPU
		{AE3950F1-437D-4159-839E-3A900ED3ED9D}.Debug|Any CPU.Build.0 = Debug|Any CPU
		{AE3950F1-437D-4159-839E-3A900ED3ED9D}.Release|Any CPU.ActiveCfg = Release|Any CPU
		{AE3950F1-437D-4159-839E-3A900ED3ED9D}.Release|Any CPU.Build.0 = Release|Any CPU
		{A5343603-7039-4822-88DB-F713EA86C3B8}.Debug|Any CPU.ActiveCfg = Debug|Any CPU
		{A5343603-7039-4822-88DB-F713EA86C3B8}.Debug|Any CPU.Build.0 = Debug|Any CPU
		{A5343603-7039-4822-88DB-F713EA86C3B8}.Release|Any CPU.ActiveCfg = Release|Any CPU
		{A5343603-7039-4822-88DB-F713EA86C3B8}.Release|Any CPU.Build.0 = Release|Any CPU
		{8947BC42-547A-467B-9EC1-1078E2F317EC}.Debug|Any CPU.ActiveCfg = Debug|Any CPU
		{8947BC42-547A-467B-9EC1-1078E2F317EC}.Debug|Any CPU.Build.0 = Debug|Any CPU
		{8947BC42-547A-467B-9EC1-1078E2F317EC}.Release|Any CPU.ActiveCfg = Release|Any CPU
		{8947BC42-547A-467B-9EC1-1078E2F317EC}.Release|Any CPU.Build.0 = Release|Any CPU
	EndGlobalSection
	GlobalSection(SolutionProperties) = preSolution
		HideSolutionNode = FALSE
	EndGlobalSection
	GlobalSection(ExtensibilityGlobals) = postSolution
		SolutionGuid = {08AD4C9C-B400-4A6C-A2D7-3AB0BC67312B}
	EndGlobalSection
EndGlobal
